{
  "nodes": {
    "nixpkgs": {
      "locked": {
        "lastModified": 1787964612,
        "narHash": "sha256-0N9nghg3nwzX6b6qc77EzjR9cu/Z+UR66FlfsCqiURs=",
        "owner": "NixOS",
        "repo": "nixpkgs",
        "rev": "e8be7818e19ada32105a8af937a6a473b38167ca",
        "type": "github"
      },
      "original": {
        "owner": "NixOS",
        "ref": "nixpkgs-unstable",
        "repo": "nixpkgs",
        "type": "github"
      }
    },
    "root": {
      "inputs": {
        "nixpkgs": "nixpkgs",
        "snug": "snug"
      }
    },
    "snug": {
      "inputs": {
        "nixpkgs": [
          "nixpkgs"
        ]
      },
      "locked": {
        "lastModified": 1789212138,
        "narHash": "sha256-BSom2QFvAYfppgcp6WBGgZgw6xFkraavIJpkKDwmy4c=",
        "owner": "hausfold",
        "repo": "snug",
        "rev": "aa5ad6329a6fe37ed522066172a8fced5a507556",
        "type": "github"
      },
      "original": {
        "owner": "hausfold",
        "repo": "snug",
        "type": "github"
      }
    }
  },
  "root": "root",
  "version": 7
}
